// !$*UTF8*$!
{
	archiveVersion = 1;
	classes = {
	};
	objectVersion = 50;
	objects = {

/* Begin PBXBuildFile section */
		460876F32282F42D00642F79 /* AppDelegate.swift in Sources */ = {isa = PBXBuildFile; fileRef = 460876F22282F42D00642F79 /* AppDelegate.swift */; };
		460876F82282F42D00642F79 /* Main.storyboard in Resources */ = {isa = PBXBuildFile; fileRef = 460876F62282F42D00642F79 /* Main.storyboard */; };
		460876FA2282F42E00642F79 /* Assets.xcassets in Resources */ = {isa = PBXBuildFile; fileRef = 460876F92282F42E00642F79 /* Assets.xcassets */; };
		460876FD2282F42E00642F79 /* LaunchScreen.storyboard in Resources */ = {isa = PBXBuildFile; fileRef = 460876FB2282F42E00642F79 /* LaunchScreen.storyboard */; };
		460877082282F42E00642F79 /* InteractiveAnimationsTests.swift in Sources */ = {isa = PBXBuildFile; fileRef = 460877072282F42E00642F79 /* InteractiveAnimationsTests.swift */; };
		460877132282F42E00642F79 /* InteractiveAnimationsUITests.swift in Sources */ = {isa = PBXBuildFile; fileRef = 460877122282F42E00642F79 /* InteractiveAnimationsUITests.swift */; };
		46F649A1228AE7D900BCA6FA /* InteractiveViewController.swift in Sources */ = {isa = PBXBuildFile; fileRef = 46F649A0228AE7D900BCA6FA /* InteractiveViewController.swift */; };
/* End PBXBuildFile section */

/* Begin PBXContainerItemProxy section */
		460877042282F42E00642F79 /* PBXContainerItemProxy */ = {
			isa = PBXContainerItemProxy;
			containerPortal = 460876E72282F42D00642F79 /* Project object */;
			proxyType = 1;
			remoteGlobalIDString = 460876EE2282F42D00642F79;
			remoteInfo = InteractiveAnimations;
		};
		4608770F2282F42E00642F79 /* PBXContainerItemProxy */ = {
			isa = PBXContainerItemProxy;
			containerPortal = 460876E72282F42D00642F79 /* Project object */;
			proxyType = 1;
			remoteGlobalIDString = 460876EE2282F42D00642F79;
			remoteInfo = InteractiveAnimations;
		};
/* End PBXContainerItemProxy section */

/* Begin PBXFileReference section */
		460876EF2282F42D00642F79 /* InteractiveAnimations.app */ = {isa = PBXFileReference; explicitFileType = wrapper.application; includeInIndex = 0; path = InteractiveAnimations.app; sourceTree = BUILT_PRODUCTS_DIR; };
		460876F22282F42D00642F79 /* AppDelegate.swift */ = {isa = PBXFileReference; lastKnownFileType = sourcecode.swift; path = AppDelegate.swift; sourceTree = "<group>"; };
		460876F72282F42D00642F79 /* Base */ = {isa = PBXFileReference; lastKnownFileType = file.storyboard; name = Base; path = Base.lproj/Main.storyboard; sourceTree = "<group>"; };
		460876F92282F42E00642F79 /* Assets.xcassets */ = {isa = PBXFileReference; lastKnownFileType = folder.assetcatalog; path = Assets.xcassets; sourceTree = "<group>"; };
		460876FC2282F42E00642F79 /* Base */ = {isa = PBXFileReference; lastKnownFileType = file.storyboard; name = Base; path = Base.lproj/LaunchScreen.storyboard; sourceTree = "<group>"; };
		460876FE2282F42E00642F79 /* Info.plist */ = {isa = PBXFileReference; lastKnownFileType = text.plist.xml; path = Info.plist; sourceTree = "<group>"; };
		460877032282F42E00642F79 /* InteractiveAnimationsTests.xctest */ = {isa = PBXFileReference; explicitFileType = wrapper.cfbundle; includeInIndex = 0; path = InteractiveAnimationsTests.xctest; sourceTree = BUILT_PRODUCTS_DIR; };
		460877072282F42E00642F79 /* InteractiveAnimationsTests.swift */ = {isa = PBXFileReference; lastKnownFileType = sourcecode.swift; path = InteractiveAnimationsTests.swift; sourceTree = "<group>"; };
		460877092282F42E00642F79 /* Info.plist */ = {isa = PBXFileReference; lastKnownFileType = text.plist.xml; path = Info.plist; sourceTree = "<group>"; };
		4608770E2282F42E00642F79 /* InteractiveAnimationsUITests.xctest */ = {isa = PBXFileReference; explicitFileType = wrapper.cfbundle; includeInIndex = 0; path = InteractiveAnimationsUITests.xctest; sourceTree = BUILT_PRODUCTS_DIR; };
		460877122282F42E00642F79 /* InteractiveAnimationsUITests.swift */ = {isa = PBXFileReference; lastKnownFileType = sourcecode.swift; path = InteractiveAnimationsUITests.swift; sourceTree = "<group>"; };
		460877142282F42E00642F79 /* Info.plist */ = {isa = PBXFileReference; lastKnownFileType = text.plist.xml; path = Info.plist; sourceTree = "<group>"; };
		46F649A0228AE7D900BCA6FA /* InteractiveViewController.swift */ = {isa = PBXFileReference; lastKnownFileType = sourcecode.swift; path = InteractiveViewController.swift; sourceTree = "<group>"; };
/* End PBXFileReference section */

/* Begin PBXFrameworksBuildPhase section */
		460876EC2282F42D00642F79 /* Frameworks */ = {
			isa = PBXFrameworksBuildPhase;
			buildActionMask = 2147483647;
			files = (
			);
			runOnlyForDeploymentPostprocessing = 0;
		};
		460877002282F42E00642F79 /* Frameworks */ = {
			isa = PBXFrameworksBuildPhase;
			buildActionMask = 2147483647;
			files = (
			);
			runOnlyForDeploymentPostprocessing = 0;
		};
		4608770B2282F42E00642F79 /* Frameworks */ = {
			isa = PBXFrameworksBuildPhase;
			buildActionMask = 2147483647;
			files = (
			);
			runOnlyForDeploymentPostprocessing = 0;
		};
/* End PBXFrameworksBuildPhase section */

/* Begin PBXGroup section */
		460876E62282F42D00642F79 = {
			isa = PBXGroup;
			children = (
				460876F12282F42D00642F79 /* InteractiveAnimations */,
				460877062282F42E00642F79 /* InteractiveAnimationsTests */,
				460877112282F42E00642F79 /* InteractiveAnimationsUITests */,
				460876F02282F42D00642F79 /* Products */,
			);
			sourceTree = "<group>";
		};
		460876F02282F42D00642F79 /* Products */ = {
			isa = PBXGroup;
			children = (
				460876EF2282F42D00642F79 /* InteractiveAnimations.app */,
				460877032282F42E00642F79 /* InteractiveAnimationsTests.xctest */,
				4608770E2282F42E00642F79 /* InteractiveAnimationsUITests.xctest */,
			);
			name = Products;
			sourceTree = "<group>";
		};
		460876F12282F42D00642F79 /* InteractiveAnimations */ = {
			isa = PBXGroup;
			children = (
				460876F22282F42D00642F79 /* AppDelegate.swift */,
				46F649A0228AE7D900BCA6FA /* InteractiveViewController.swift */,
				460876F62282F42D00642F79 /* Main.storyboard */,
				460876F92282F42E00642F79 /* Assets.xcassets */,
				460876FB2282F42E00642F79 /* LaunchScreen.storyboard */,
				460876FE2282F42E00642F79 /* Info.plist */,
			);
			path = InteractiveAnimations;
			sourceTree = "<group>";
		};
		460877062282F42E00642F79 /* InteractiveAnimationsTests */ = {
			isa = PBXGroup;
			children = (
				460877072282F42E00642F79 /* InteractiveAnimationsTests.swift */,
				460877092282F42E00642F79 /* Info.plist */,
			);
			path = InteractiveAnimationsTests;
			sourceTree = "<group>";
		};
		460877112282F42E00642F79 /* InteractiveAnimationsUITests */ = {
			isa = PBXGroup;
			children = (
				460877122282F42E00642F79 /* InteractiveAnimationsUITests.swift */,
				460877142282F42E00642F79 /* Info.plist */,
			);
			path = InteractiveAnimationsUITests;
			sourceTree = "<group>";
		};
/* End PBXGroup section */

/* Begin PBXNativeTarget section */
		460876EE2282F42D00642F79 /* InteractiveAnimations */ = {
			isa = PBXNativeTarget;
			buildConfigurationList = 460877172282F42E00642F79 /* Build configuration list for PBXNativeTarget "InteractiveAnimations" */;
			buildPhases = (
				460876EB2282F42D00642F79 /* Sources */,
				460876EC2282F42D00642F79 /* Frameworks */,
				460876ED2282F42D00642F79 /* Resources */,
			);
			buildRules = (
			);
			dependencies = (
			);
			name = InteractiveAnimations;
			productName = InteractiveAnimations;
			productReference = 460876EF2282F42D00642F79 /* InteractiveAnimations.app */;
			productType = "com.apple.product-type.application";
		};
		460877022282F42E00642F79 /* InteractiveAnimationsTests */ = {
			isa = PBXNativeTarget;
			buildConfigurationList = 4608771A2282F42E00642F79 /* Build configuration list for PBXNativeTarget "InteractiveAnimationsTests" */;
			buildPhases = (
				460876FF2282F42E00642F79 /* Sources */,
				460877002282F42E00642F79 /* Frameworks */,
				460877012282F42E00642F79 /* Resources */,
			);
			buildRules = (
			);
			dependencies = (
				460877052282F42E00642F79 /* PBXTargetDependency */,
			);
			name = InteractiveAnimationsTests;
			productName = InteractiveAnimationsTests;
			productReference = 460877032282F42E00642F79 /* InteractiveAnimationsTests.xctest */;
			productType = "com.apple.product-type.bundle.unit-test";
		};
		4608770D2282F42E00642F79 /* InteractiveAnimationsUITests */ = {
			isa = PBXNativeTarget;
			buildConfigurationList = 4608771D2282F42E00642F79 /* Build configuration list for PBXNativeTarget "InteractiveAnimationsUITests" */;
			buildPhases = (
				4608770A2282F42E00642F79 /* Sources */,
				4608770B2282F42E00642F79 /* Frameworks */,
				4608770C2282F42E00642F79 /* Resources */,
			);
			buildRules = (
			);
			dependencies = (
				460877102282F42E00642F79 /* PBXTargetDependency */,
			);
			name = InteractiveAnimationsUITests;
			productName = InteractiveAnimationsUITests;
			productReference = 4608770E2282F42E00642F79 /* InteractiveAnimationsUITests.xctest */;
			productType = "com.apple.product-type.bundle.ui-testing";
		};
/* End PBXNativeTarget section */

/* Begin PBXProject section */
		460876E72282F42D00642F79 /* Project object */ = {
			isa = PBXProject;
			attributes = {
				LastSwiftUpdateCheck = 1020;
				LastUpgradeCheck = 1020;
				ORGANIZATIONNAME = "Pankaj kumar";
				TargetAttributes = {
					460876EE2282F42D00642F79 = {
						CreatedOnToolsVersion = 10.2;
					};
					460877022282F42E00642F79 = {
						CreatedOnToolsVersion = 10.2;
						TestTargetID = 460876EE2282F42D00642F79;
					};
					4608770D2282F42E00642F79 = {
						CreatedOnToolsVersion = 10.2;
						TestTargetID = 460876EE2282F42D00642F79;
					};
				};
			};
			buildConfigurationList = 460876EA2282F42D00642F79 /* Build configuration list for PBXProject "InteractiveAnimations" */;
			compatibilityVersion = "Xcode 9.3";
			developmentRegion = en;
			hasScannedForEncodings = 0;
			knownRegions = (
				en,
				Base,
			);
			mainGroup = 460876E62282F42D00642F79;
			productRefGroup = 460876F02282F42D00642F79 /* Products */;
			projectDirPath = "";
			projectRoot = "";
			targets = (
				460876EE2282F42D00642F79 /* InteractiveAnimations */,
				460877022282F42E00642F79 /* InteractiveAnimationsTests */,
				4608770D2282F42E00642F79 /* InteractiveAnimationsUITests */,
			);
		};
/* End PBXProject section */

/* Begin PBXResourcesBuildPhase section */
		460876ED2282F42D00642F79 /* Resources */ = {
			isa = PBXResourcesBuildPhase;
			buildActionMask = 2147483647;
			files = (
				460876FD2282F42E00642F79 /* LaunchScreen.storyboard in Resources */,
				460876FA2282F42E00642F79 /* Assets.xcassets in Resources */,
				460876F82282F42D00642F79 /* Main.storyboard in Resources */,
			);
			runOnlyForDeploymentPostprocessing = 0;
		};
		460877012282F42E00642F79 /* Resources */ = {
			isa = PBXResourcesBuildPhase;
			buildActionMask = 2147483647;
			files = (
			);
			runOnlyForDeploymentPostprocessing = 0;
		};
		4608770C2282F42E00642F79 /* Resources */ = {
			isa = PBXResourcesBuildPhase;
			buildActionMask = 2147483647;
			files = (
			);
			runOnlyForDeploymentPostprocessing = 0;
		};
/* End PBXResourcesBuildPhase section */

/* Begin PBXSourcesBuildPhase section */
		460876EB2282F42D00642F79 /* Sources */ = {
			isa = PBXSourcesBuildPhase;
			buildActionMask = 2147483647;
			files = (
				46F649A1228AE7D900BCA6FA /* InteractiveViewController.swift in Sources */,
				460876F32282F42D00642F79 /* AppDelegate.swift in Sources */,
			);
			runOnlyForDeploymentPostprocessing = 0;
		};
		460876FF2282F42E00642F79 /* Sources */ = {
			isa = PBXSourcesBuildPhase;
			buildActionMask = 2147483647;
			files = (
				460877082282F42E00642F79 /* InteractiveAnimationsTests.swift in Sources */,
			);
			runOnlyForDeploymentPostprocessing = 0;
		};
		4608770A2282F42E00642F79 /* Sources */ = {
			isa = PBXSourcesBuildPhase;
			buildActionMask = 2147483647;
			files = (
				460877132282F42E00642F79 /* InteractiveAnimationsUITests.swift in Sources */,
			);
			runOnlyForDeploymentPostprocessing = 0;
		};
/* End PBXSourcesBuildPhase section */

/* Begin PBXTargetDependency section */
		460877052282F42E00642F79 /* PBXTargetDependency */ = {
			isa = PBXTargetDependency;
			target = 460876EE2282F42D00642F79 /* InteractiveAnimations */;
			targetProxy = 460877042282F42E00642F79 /* PBXContainerItemProxy */;
		};
		460877102282F42E00642F79 /* PBXTargetDependency */ = {
			isa = PBXTargetDependency;
			target = 460876EE2282F42D00642F79 /* InteractiveAnimations */;
			targetProxy = 4608770F2282F42E00642F79 /* PBXContainerItemProxy */;
		};
/* End PBXTargetDependency section */

/* Begin PBXVariantGroup section */
		460876F62282F42D00642F79 /* Main.storyboard */ = {
			isa = PBXVariantGroup;
			children = (
				460876F72282F42D00642F79 /* Base */,
			);
			name = Main.storyboard;
			sourceTree = "<group>";
		};
		460876FB2282F42E00642F79 /* LaunchScreen.storyboard */ = {
			isa = PBXVariantGroup;
			children = (
				460876FC2282F42E00642F79 /* Base */,
			);
			name = LaunchScreen.storyboard;
			sourceTree = "<group>";
		};
/* End PBXVariantGroup section */

/* Begin XCBuildConfiguration section */
		460877152282F42E00642F79 /* Debug */ = {
			isa = XCBuildConfiguration;
			buildSettings = {
				ALWAYS_SEARCH_USER_PATHS = NO;
				CLANG_ANALYZER_NONNULL = YES;
				CLANG_ANALYZER_NUMBER_OBJECT_CONVERSION = YES_AGGRESSIVE;
				CLANG_CXX_LANGUAGE_STANDARD = "gnu++14";
				CLANG_CXX_LIBRARY = "libc++";
				CLANG_ENABLE_MODULES = YES;
				CLANG_ENABLE_OBJC_ARC = YES;
				CLANG_ENABLE_OBJC_WEAK = YES;
				CLANG_WARN_BLOCK_CAPTURE_AUTORELEASING = YES;
				CLANG_WARN_BOOL_CONVERSION = YES;
				CLANG_WARN_COMMA = YES;
				CLANG_WARN_CONSTANT_CONVERSION = YES;
				CLANG_WARN_DEPRECATED_OBJC_IMPLEMENTATIONS = YES;
				CLANG_WARN_DIRECT_OBJC_ISA_USAGE = YES_ERROR;
				CLANG_WARN_DOCUMENTATION_COMMENTS = YES;
				CLANG_WARN_EMPTY_BODY = YES;
				CLANG_WARN_ENUM_CONVERSION = YES;
				CLANG_WARN_INFINITE_RECURSION = YES;
				CLANG_WARN_INT_CONVERSION = YES;
				CLANG_WARN_NON_LITERAL_NULL_CONVERSION = YES;
				CLANG_WARN_OBJC_IMPLICIT_RETAIN_SELF = YES;
				CLANG_WARN_OBJC_LITERAL_CONVERSION = YES;
				CLANG_WARN_OBJC_ROOT_CLASS = YES_ERROR;
				CLANG_WARN_RANGE_LOOP_ANALYSIS = YES;
				CLANG_WARN_STRICT_PROTOTYPES = YES;
				CLANG_WARN_SUSPICIOUS_MOVE = YES;
				CLANG_WARN_UNGUARDED_AVAILABILITY = YES_AGGRESSIVE;
				CLANG_WARN_UNREACHABLE_CODE = YES;
				CLANG_WARN__DUPLICATE_METHOD_MATCH = YES;
				CODE_SIGN_IDENTITY = "iPhone Developer";
				COPY_PHASE_STRIP = NO;
				DEBUG_INFORMATION_FORMAT = dwarf;
				ENABLE_STRICT_OBJC_MSGSEND = YES;
				ENABLE_TESTABILITY = YES;
				GCC_C_LANGUAGE_STANDARD = gnu11;
				GCC_DYNAMIC_NO_PIC = NO;
				GCC_NO_COMMON_BLOCKS = YES;
				GCC_OPTIMIZATION_LEVEL = 0;
				GCC_PREPROCESSOR_DEFINITIONS = (
					"DEBUG=1",
					"$(inherited)",
				);
				GCC_WARN_64_TO_32_BIT_CONVERSION = YES;
				GCC_WARN_ABOUT_RETURN_TYPE = YES_ERROR;
				GCC_WARN_UNDECLARED_SELECTOR = YES;
				GCC_WARN_UNINITIALIZED_AUTOS = YES_AGGRESSIVE;
				GCC_WARN_UNUSED_FUNCTION = YES;
				GCC_WARN_UNUSED_VARIABLE = YES;
				IPHONEOS_DEPLOYMENT_TARGET = 12.2;
				MTL_ENABLE_DEBUG_INFO = INCLUDE_SOURCE;
				MTL_FAST_MATH = YES;
				ONLY_ACTIVE_ARCH = YES;
				SDKROOT = iphoneos;
				SWIFT_ACTIVE_COMPILATION_CONDITIONS = DEBUG;
				SWIFT_OPTIMIZATION_LEVEL = "-Onone";
			};
			name = Debug;
		};
		460877162282F42E00642F79 /* Release */ = {
			isa = XCBuildConfiguration;
			buildSettings = {
				ALWAYS_SEARCH_USER_PATHS = NO;
				CLANG_ANALYZER_NONNULL = YES;
				CLANG_ANALYZER_NUMBER_OBJECT_CONVERSION = YES_AGGRESSIVE;
				CLANG_CXX_LANGUAGE_STANDARD = "gnu++14";
				CLANG_CXX_LIBRARY = "libc++";
				CLANG_ENABLE_MODULES = YES;
				CLANG_ENABLE_OBJC_ARC = YES;
				CLANG_ENABLE_OBJC_WEAK = YES;
				CLANG_WARN_BLOCK_CAPTURE_AUTORELEASING = YES;
				CLANG_WARN_BOOL_CONVERSION = YES;
				CLANG_WARN_COMMA = YES;
				CLANG_WARN_CONSTANT_CONVERSION = YES;
				CLANG_WARN_DEPRECATED_OBJC_IMPLEMENTATIONS = YES;
				CLANG_WARN_DIRECT_OBJC_ISA_USAGE = YES_ERROR;
				CLANG_WARN_DOCUMENTATION_COMMENTS = YES;
				CLANG_WARN_EMPTY_BODY = YES;
				CLANG_WARN_ENUM_CONVERSION = YES;
				CLANG_WARN_INFINITE_RECURSION = YES;
				CLANG_WARN_INT_CONVERSION = YES;
				CLANG_WARN_NON_LITERAL_NULL_CONVERSION = YES;
				CLANG_WARN_OBJC_IMPLICIT_RETAIN_SELF = YES;
				CLANG_WARN_OBJC_LITERAL_CONVERSION = YES;
				CLANG_WARN_OBJC_ROOT_CLASS = YES_ERROR;
				CLANG_WARN_RANGE_LOOP_ANALYSIS = YES;
				CLANG_WARN_STRICT_PROTOTYPES = YES;
				CLANG_WARN_SUSPICIOUS_MOVE = YES;
				CLANG_WARN_UNGUARDED_AVAILABILITY = YES_AGGRESSIVE;
				CLANG_WARN_UNREACHABLE_CODE = YES;
				CLANG_WARN__DUPLICATE_METHOD_MATCH = YES;
				CODE_SIGN_IDENTITY = "iPhone Developer";
				COPY_PHASE_STRIP = NO;
				DEBUG_INFORMATION_FORMAT = "dwarf-with-dsym";
				ENABLE_NS_ASSERTIONS = NO;
				ENABLE_STRICT_OBJC_MSGSEND = YES;
				GCC_C_LANGUAGE_STANDARD = gnu11;
				GCC_NO_COMMON_BLOCKS = YES;
				GCC_WARN_64_TO_32_BIT_CONVERSION = YES;
				GCC_WARN_ABOUT_RETURN_TYPE = YES_ERROR;
				GCC_WARN_UNDECLARED_SELECTOR = YES;
				GCC_WARN_UNINITIALIZED_AUTOS = YES_AGGRESSIVE;
				GCC_WARN_UNUSED_FUNCTION = YES;
				GCC_WARN_UNUSED_VARIABLE = YES;
				IPHONEOS_DEPLOYMENT_TARGET = 12.2;
				MTL_ENABLE_DEBUG_INFO = NO;
				MTL_FAST_MATH = YES;
				SDKROOT = iphoneos;
				SWIFT_COMPILATION_MODE = wholemodule;
				SWIFT_OPTIMIZATION_LEVEL = "-O";
				VALIDATE_PRODUCT = YES;
			};
			name = Release;
		};
		460877182282F42E00642F79 /* Debug */ = {
			isa = XCBuildConfiguration;
			buildSettings = {
				ASSETCATALOG_COMPILER_APPICON_NAME = AppIcon;
				CODE_SIGN_STYLE = Automatic;
				INFOPLIST_FILE = InteractiveAnimations/Info.plist;
				LD_RUNPATH_SEARCH_PATHS = (
					"$(inherited)",
					"@executable_path/Frameworks",
				);
				PRODUCT_BUNDLE_IDENTIFIER = com.vinsol.assignedTasks.InteractiveAnimations;
				PRODUCT_NAME = "$(TARGET_NAME)";
				SWIFT_VERSION = 5.0;
				TARGETED_DEVICE_FAMILY = "1,2";
			};
			name = Debug;
		};
		460877192282F42E00642F79 /* Release */ = {
			isa = XCBuildConfiguration;
			buildSettings = {
				ASSETCATALOG_COMPILER_APPICON_NAME = AppIcon;
				CODE_SIGN_STYLE = Automatic;
				INFOPLIST_FILE = InteractiveAnimations/Info.plist;
				LD_RUNPATH_SEARCH_PATHS = (
					"$(inherited)",
					"@executable_path/Frameworks",
				);
				PRODUCT_BUNDLE_IDENTIFIER = com.vinsol.assignedTasks.InteractiveAnimations;
				PRODUCT_NAME = "$(TARGET_NAME)";
				SWIFT_VERSION = 5.0;
				TARGETED_DEVICE_FAMILY = "1,2";
			};
			name = Release;
		};
		4608771B2282F42E00642F79 /* Debug */ = {
			isa = XCBuildConfiguration;
			buildSettings = {
				ALWAYS_EMBED_SWIFT_STANDARD_LIBRARIES = YES;
				BUNDLE_LOADER = "$(TEST_HOST)";
				CODE_SIGN_STYLE = Automatic;
				INFOPLIST_FILE = InteractiveAnimationsTests/Info.plist;
				LD_RUNPATH_SEARCH_PATHS = (
					"$(inherited)",
					"@executable_path/Frameworks",
					"@loader_path/Frameworks",
				);
				PRODUCT_BUNDLE_IDENTIFIER = com.vinsol.assignedTasks.InteractiveAnimationsTests;
				PRODUCT_NAME = "$(TARGET_NAME)";
				SWIFT_VERSION = 5.0;
				TARGETED_DEVICE_FAMILY = "1,2";
				TEST_HOST = "$(BUILT_PRODUCTS_DIR)/InteractiveAnimations.app/InteractiveAnimations";
			};
			name = Debug;
		};
		4608771C2282F42E00642F79 /* Release */ = {
			isa = XCBuildConfiguration;
			buildSettings = {
				ALWAYS_EMBED_SWIFT_STANDARD_LIBRARIES = YES;
				BUNDLE_LOADER = "$(TEST_HOST)";
				CODE_SIGN_STYLE = Automatic;
				INFOPLIST_FILE = InteractiveAnimationsTests/Info.plist;
				LD_RUNPATH_SEARCH_PATHS = (
					"$(inherited)",
					"@executable_path/Frameworks",
					"@loader_path/Frameworks",
				);
				PRODUCT_BUNDLE_IDENTIFIER = com.vinsol.assignedTasks.InteractiveAnimationsTests;
				PRODUCT_NAME = "$(TARGET_NAME)";
				SWIFT_VERSION = 5.0;
				TARGETED_DEVICE_FAMILY = "1,2";
				TEST_HOST = "$(BUILT_PRODUCTS_DIR)/InteractiveAnimations.app/InteractiveAnimations";
			};
			name = Release;
		};
		4608771E2282F42E00642F79 /* Debug */ = {
			isa = XCBuildConfiguration;
			buildSettings = {
				ALWAYS_EMBED_SWIFT_STANDARD_LIBRARIES = YES;
				CODE_SIGN_STYLE = Automatic;
				INFOPLIST_FILE = InteractiveAnimationsUITests/Info.plist;
				LD_RUNPATH_SEARCH_PATHS = (
					"$(inherited)",
					"@executable_path/Frameworks",
					"@loader_path/Frameworks",
				);
				PRODUCT_BUNDLE_IDENTIFIER = com.vinsol.assignedTasks.InteractiveAnimationsUITests;
				PRODUCT_NAME = "$(TARGET_NAME)";
				SWIFT_VERSION = 5.0;
				TARGETED_DEVICE_FAMILY = "1,2";
				TEST_TARGET_NAME = InteractiveAnimations;
			};
			name = Debug;
		};
		4608771F2282F42E00642F79 /* Release */ = {
			isa = XCBuildConfiguration;
			buildSettings = {
				ALWAYS_EMBED_SWIFT_STANDARD_LIBRARIES = YES;
				CODE_SIGN_STYLE = Automatic;
				INFOPLIST_FILE = InteractiveAnimationsUITests/Info.plist;
				LD_RUNPATH_SEARCH_PATHS = (
					"$(inherited)",
					"@executable_path/Frameworks",
					"@loader_path/Frameworks",
				);
				PRODUCT_BUNDLE_IDENTIFIER = com.vinsol.assignedTasks.InteractiveAnimationsUITests;
				PRODUCT_NAME = "$(TARGET_NAME)";
				SWIFT_VERSION = 5.0;
				TARGETED_DEVICE_FAMILY = "1,2";
				TEST_TARGET_NAME = InteractiveAnimations;
			};
			name = Release;
		};
/* End XCBuildConfiguration section */

/* Begin XCConfigurationList section */
		460876EA2282F42D00642F79 /* Build configuration list for PBXProject "InteractiveAnimations" */ = {
			isa = XCConfigurationList;
			buildConfigurations = (
				460877152282F42E00642F79 /* Debug */,
				460877162282F42E00642F79 /* Release */,
			);
			defaultConfigurationIsVisible = 0;
			defaultConfigurationName = Release;
		};
		460877172282F42E00642F79 /* Build configuration list for PBXNativeTarget "InteractiveAnimations" */ = {
			isa = XCConfigurationList;
			buildConfigurations = (
				460877182282F42E00642F79 /* Debug */,
				460877192282F42E00642F79 /* Release */,
			);
			defaultConfigurationIsVisible = 0;
			defaultConfigurationName = Release;
		};
		4608771A2282F42E00642F79 /* Build configuration list for PBXNativeTarget "InteractiveAnimationsTests" */ = {
			isa = XCConfigurationList;
			buildConfigurations = (
				4608771B2282F42E00642F79 /* Debug */,
				4608771C2282F42E00642F79 /* Release */,
			);
			defaultConfigurationIsVisible = 0;
			defaultConfigurationName = Release;
		};
		4608771D2282F42E00642F79 /* Build configuration list for PBXNativeTarget "InteractiveAnimationsUITests" */ = {
			isa = XCConfigurationList;
			buildConfigurations = (
				4608771E2282F42E00642F79 /* Debug */,
				4608771F2282F42E00642F79 /* Release */,
			);
			defaultConfigurationIsVisible = 0;
			defaultConfigurationName = Release;
		};
/* End XCConfigurationList section */
	};
	rootObject = 460876E72282F42D00642F79 /* Project object */;
}
